
Microsoft Visual Studio Solution File, Format Version 12.00
# Visual Studio Version 17
VisualStudioVersion = 17.7.34221.43
MinimumVisualStudioVersion = 10.0.40219.1
Project("{FAE04EC0-301F-11D3-BF4B-00C04F79EFBC}") = "MembrosEstaticos", "MembrosEstaticos.csproj", "{80BB1B58-ECA8-451F-8E6F-F2CA7C048E53}"
EndProject
Global
	GlobalSection(SolutionConfigurationPlatforms) = preSolution
		Debug|Any CPU = Debug|Any CPU
		Release|Any CPU = Release|Any CPU
	EndGlobalSection
	GlobalSection(ProjectConfigurationPlatforms) = postSolution
		{80BB1B58-ECA8-451F-8E6F-F2CA7C048E53}.Debug|Any CPU.ActiveCfg = Debug|Any CPU
		{80BB1B58-ECA8-451F-8E6F-F2CA7C048E53}.Debug|Any CPU.Build.0 = Debug|Any CPU
		{80BB1B58-ECA8-451F-8E6F-F2CA7C048E53}.Release|Any CPU.ActiveCfg = Release|Any CPU
		{80BB1B58-ECA8-451F-8E6F-F2CA7C048E53}.Release|Any CPU.Build.0 = Release|Any CPU
	EndGlobalSection
	GlobalSection(SolutionProperties) = preSolution
		HideSolutionNode = FALSE
	EndGlobalSection
	GlobalSection(ExtensibilityGlobals) = postSolution
		SolutionGuid = {425736AC-0F63-4C9B-A110-426A95D49581}
	EndGlobalSection
EndGlobal
